// !$*UTF8*$!
{
	archiveVersion = 1;
	classes = {
	};
	objectVersion = 46;
	objects = {

/* Begin PBXBuildFile section */
		5E631A48263A3B0A0079855D /* AppDelegate.swift in Sources */ = {isa = PBXBuildFile; fileRef = 5E631A47263A3B0A0079855D /* AppDelegate.swift */; };
		5E631A4A263A3B0A0079855D /* ViewController.swift in Sources */ = {isa = PBXBuildFile; fileRef = 5E631A49263A3B0A0079855D /* ViewController.swift */; };
		5E631A4D263A3B0A0079855D /* Main.storyboard in Resources */ = {isa = PBXBuildFile; fileRef = 5E631A4B263A3B0A0079855D /* Main.storyboard */; };
		5E631A50263A3B0A0079855D /* BookStore28042021.xcdatamodeld in Sources */ = {isa = PBXBuildFile; fileRef = 5E631A4E263A3B0A0079855D /* BookStore28042021.xcdatamodeld */; };
		5E631A52263A3B0A0079855D /* Assets.xcassets in Resources */ = {isa = PBXBuildFile; fileRef = 5E631A51263A3B0A0079855D /* Assets.xcassets */; };
		5E631A55263A3B0A0079855D /* LaunchScreen.storyboard in Resources */ = {isa = PBXBuildFile; fileRef = 5E631A53263A3B0A0079855D /* LaunchScreen.storyboard */; };
		5EC3CD6D26436F75003209E0 /* Author+CoreDataClass.swift in Sources */ = {isa = PBXBuildFile; fileRef = 5EC3CD6926436F75003209E0 /* Author+CoreDataClass.swift */; };
		5EC3CD6E26436F75003209E0 /* Author+CoreDataProperties.swift in Sources */ = {isa = PBXBuildFile; fileRef = 5EC3CD6A26436F75003209E0 /* Author+CoreDataProperties.swift */; };
		5EC3CD6F26436F75003209E0 /* Book+CoreDataClass.swift in Sources */ = {isa = PBXBuildFile; fileRef = 5EC3CD6B26436F75003209E0 /* Book+CoreDataClass.swift */; };
		5EC3CD7026436F75003209E0 /* Book+CoreDataProperties.swift in Sources */ = {isa = PBXBuildFile; fileRef = 5EC3CD6C26436F75003209E0 /* Book+CoreDataProperties.swift */; };
/* End PBXBuildFile section */

/* Begin PBXFileReference section */
		5E631A44263A3B0A0079855D /* BookStore28042021.app */ = {isa = PBXFileReference; explicitFileType = wrapper.application; includeInIndex = 0; path = BookStore28042021.app; sourceTree = BUILT_PRODUCTS_DIR; };
		5E631A47263A3B0A0079855D /* AppDelegate.swift */ = {isa = PBXFileReference; lastKnownFileType = sourcecode.swift; path = AppDelegate.swift; sourceTree = "<group>"; };
		5E631A49263A3B0A0079855D /* ViewController.swift */ = {isa = PBXFileReference; lastKnownFileType = sourcecode.swift; path = ViewController.swift; sourceTree = "<group>"; };
		5E631A4C263A3B0A0079855D /* Base */ = {isa = PBXFileReference; lastKnownFileType = file.storyboard; name = Base; path = Base.lproj/Main.storyboard; sourceTree = "<group>"; };
		5E631A4F263A3B0A0079855D /* BookStore28042021.xcdatamodel */ = {isa = PBXFileReference; lastKnownFileType = wrapper.xcdatamodel; path = BookStore28042021.xcdatamodel; sourceTree = "<group>"; };
		5E631A51263A3B0A0079855D /* Assets.xcassets */ = {isa = PBXFileReference; lastKnownFileType = folder.assetcatalog; path = Assets.xcassets; sourceTree = "<group>"; };
		5E631A54263A3B0A0079855D /* Base */ = {isa = PBXFileReference; lastKnownFileType = file.storyboard; name = Base; path = Base.lproj/LaunchScreen.storyboard; sourceTree = "<group>"; };
		5E631A56263A3B0A0079855D /* Info.plist */ = {isa = PBXFileReference; lastKnownFileType = text.plist.xml; path = Info.plist; sourceTree = "<group>"; };
		5EC3CD6926436F75003209E0 /* Author+CoreDataClass.swift */ = {isa = PBXFileReference; fileEncoding = 4; lastKnownFileType = sourcecode.swift; path = "Author+CoreDataClass.swift"; sourceTree = "<group>"; };
		5EC3CD6A26436F75003209E0 /* Author+CoreDataProperties.swift */ = {isa = PBXFileReference; fileEncoding = 4; lastKnownFileType = sourcecode.swift; path = "Author+CoreDataProperties.swift"; sourceTree = "<group>"; };
		5EC3CD6B26436F75003209E0 /* Book+CoreDataClass.swift */ = {isa = PBXFileReference; fileEncoding = 4; lastKnownFileType = sourcecode.swift; path = "Book+CoreDataClass.swift"; sourceTree = "<group>"; };
		5EC3CD6C26436F75003209E0 /* Book+CoreDataProperties.swift */ = {isa = PBXFileReference; fileEncoding = 4; lastKnownFileType = sourcecode.swift; path = "Book+CoreDataProperties.swift"; sourceTree = "<group>"; };
/* End PBXFileReference section */

/* Begin PBXFrameworksBuildPhase section */
		5E631A41263A3B0A0079855D /* Frameworks */ = {
			isa = PBXFrameworksBuildPhase;
			buildActionMask = 2147483647;
			files = (
			);
			runOnlyForDeploymentPostprocessing = 0;
		};
/* End PBXFrameworksBuildPhase section */

/* Begin PBXGroup section */
		5E631A3B263A3B090079855D = {
			isa = PBXGroup;
			children = (
				5EC3CD6926436F75003209E0 /* Author+CoreDataClass.swift */,
				5EC3CD6A26436F75003209E0 /* Author+CoreDataProperties.swift */,
				5EC3CD6B26436F75003209E0 /* Book+CoreDataClass.swift */,
				5EC3CD6C26436F75003209E0 /* Book+CoreDataProperties.swift */,
				5E631A46263A3B0A0079855D /* BookStore28042021 */,
				5E631A45263A3B0A0079855D /* Products */,
			);
			sourceTree = "<group>";
		};
		5E631A45263A3B0A0079855D /* Products */ = {
			isa = PBXGroup;
			children = (
				5E631A44263A3B0A0079855D /* BookStore28042021.app */,
			);
			name = Products;
			sourceTree = "<group>";
		};
		5E631A46263A3B0A0079855D /* BookStore28042021 */ = {
			isa = PBXGroup;
			children = (
				5E631A47263A3B0A0079855D /* AppDelegate.swift */,
				5E631A49263A3B0A0079855D /* ViewController.swift */,
				5E631A4B263A3B0A0079855D /* Main.storyboard */,
				5E631A51263A3B0A0079855D /* Assets.xcassets */,
				5E631A53263A3B0A0079855D /* LaunchScreen.storyboard */,
				5E631A56263A3B0A0079855D /* Info.plist */,
				5E631A4E263A3B0A0079855D /* BookStore28042021.xcdatamodeld */,
			);
			path = BookStore28042021;
			sourceTree = "<group>";
		};
/* End PBXGroup section */

/* Begin PBXNativeTarget section */
		5E631A43263A3B0A0079855D /* BookStore28042021 */ = {
			isa = PBXNativeTarget;
			buildConfigurationList = 5E631A59263A3B0A0079855D /* Build configuration list for PBXNativeTarget "BookStore28042021" */;
			buildPhases = (
				5E631A40263A3B0A0079855D /* Sources */,
				5E631A41263A3B0A0079855D /* Frameworks */,
				5E631A42263A3B0A0079855D /* Resources */,
			);
			buildRules = (
			);
			dependencies = (
			);
			name = BookStore28042021;
			productName = BookStore28042021;
			productReference = 5E631A44263A3B0A0079855D /* BookStore28042021.app */;
			productType = "com.apple.product-type.application";
		};
/* End PBXNativeTarget section */

/* Begin PBXProject section */
		5E631A3C263A3B090079855D /* Project object */ = {
			isa = PBXProject;
			attributes = {
				LastSwiftUpdateCheck = 0830;
				LastUpgradeCheck = 0830;
				ORGANIZATIONNAME = alexis;
				TargetAttributes = {
					5E631A43263A3B0A0079855D = {
						CreatedOnToolsVersion = 8.3.3;
						ProvisioningStyle = Automatic;
					};
				};
			};
			buildConfigurationList = 5E631A3F263A3B090079855D /* Build configuration list for PBXProject "BookStore29052022" */;
			compatibilityVersion = "Xcode 3.2";
			developmentRegion = English;
			hasScannedForEncodings = 0;
			knownRegions = (
				en,
				Base,
			);
			mainGroup = 5E631A3B263A3B090079855D;
			productRefGroup = 5E631A45263A3B0A0079855D /* Products */;
			projectDirPath = "";
			projectRoot = "";
			targets = (
				5E631A43263A3B0A0079855D /* BookStore28042021 */,
			);
		};
/* End PBXProject section */

/* Begin PBXResourcesBuildPhase section */
		5E631A42263A3B0A0079855D /* Resources */ = {
			isa = PBXResourcesBuildPhase;
			buildActionMask = 2147483647;
			files = (
				5E631A55263A3B0A0079855D /* LaunchScreen.storyboard in Resources */,
				5E631A52263A3B0A0079855D /* Assets.xcassets in Resources */,
				5E631A4D263A3B0A0079855D /* Main.storyboard in Resources */,
			);
			runOnlyForDeploymentPostprocessing = 0;
		};
/* End PBXResourcesBuildPhase section */

/* Begin PBXSourcesBuildPhase section */
		5E631A40263A3B0A0079855D /* Sources */ = {
			isa = PBXSourcesBuildPhase;
			buildActionMask = 2147483647;
			files = (
				5EC3CD6D26436F75003209E0 /* Author+CoreDataClass.swift in Sources */,
				5E631A4A263A3B0A0079855D /* ViewController.swift in Sources */,
				5E631A50263A3B0A0079855D /* BookStore28042021.xcdatamodeld in Sources */,
				5EC3CD6E26436F75003209E0 /* Author+CoreDataProperties.swift in Sources */,
				5EC3CD6F26436F75003209E0 /* Book+CoreDataClass.swift in Sources */,
				5EC3CD7026436F75003209E0 /* Book+CoreDataProperties.swift in Sources */,
				5E631A48263A3B0A0079855D /* AppDelegate.swift in Sources */,
			);
			runOnlyForDeploymentPostprocessing = 0;
		};
/* End PBXSourcesBuildPhase section */

/* Begin PBXVariantGroup section */
		5E631A4B263A3B0A0079855D /* Main.storyboard */ = {
			isa = PBXVariantGroup;
			children = (
				5E631A4C263A3B0A0079855D /* Base */,
			);
			name = Main.storyboard;
			sourceTree = "<group>";
		};
		5E631A53263A3B0A0079855D /* LaunchScreen.storyboard */ = {
			isa = PBXVariantGroup;
			children = (
				5E631A54263A3B0A0079855D /* Base */,
			);
			name = LaunchScreen.storyboard;
			sourceTree = "<group>";
		};
/* End PBXVariantGroup section */

/* Begin XCBuildConfiguration section */
		5E631A57263A3B0A0079855D /* Debug */ = {
			isa = XCBuildConfiguration;
			buildSettings = {
				ALWAYS_SEARCH_USER_PATHS = NO;
				CLANG_ANALYZER_NONNULL = YES;
				CLANG_ANALYZER_NUMBER_OBJECT_CONVERSION = YES_AGGRESSIVE;
				CLANG_CXX_LANGUAGE_STANDARD = "gnu++0x";
				CLANG_CXX_LIBRARY = "libc++";
				CLANG_ENABLE_MODULES = YES;
				CLANG_ENABLE_OBJC_ARC = YES;
				CLANG_WARN_BOOL_CONVERSION = YES;
				CLANG_WARN_CONSTANT_CONVERSION = YES;
				CLANG_WARN_DIRECT_OBJC_ISA_USAGE = YES_ERROR;
				CLANG_WARN_DOCUMENTATION_COMMENTS = YES;
				CLANG_WARN_EMPTY_BODY = YES;
				CLANG_WARN_ENUM_CONVERSION = YES;
				CLANG_WARN_INFINITE_RECURSION = YES;
				CLANG_WARN_INT_CONVERSION = YES;
				CLANG_WARN_OBJC_ROOT_CLASS = YES_ERROR;
				CLANG_WARN_SUSPICIOUS_MOVE = YES;
				CLANG_WARN_UNREACHABLE_CODE = YES;
				CLANG_WARN__DUPLICATE_METHOD_MATCH = YES;
				"CODE_SIGN_IDENTITY[sdk=iphoneos*]" = "iPhone Developer";
				COPY_PHASE_STRIP = NO;
				DEBUG_INFORMATION_FORMAT = dwarf;
				ENABLE_STRICT_OBJC_MSGSEND = YES;
				ENABLE_TESTABILITY = YES;
				GCC_C_LANGUAGE_STANDARD = gnu99;
				GCC_DYNAMIC_NO_PIC = NO;
				GCC_NO_COMMON_BLOCKS = YES;
				GCC_OPTIMIZATION_LEVEL = 0;
				GCC_PREPROCESSOR_DEFINITIONS = (
					"DEBUG=1",
					"$(inherited)",
				);
				GCC_WARN_64_TO_32_BIT_CONVERSION = YES;
				GCC_WARN_ABOUT_RETURN_TYPE = YES_ERROR;
				GCC_WARN_UNDECLARED_SELECTOR = YES;
				GCC_WARN_UNINITIALIZED_AUTOS = YES_AGGRESSIVE;
				GCC_WARN_UNUSED_FUNCTION = YES;
				GCC_WARN_UNUSED_VARIABLE = YES;
				IPHONEOS_DEPLOYMENT_TARGET = 10.3;
				MTL_ENABLE_DEBUG_INFO = YES;
				ONLY_ACTIVE_ARCH = YES;
				SDKROOT = iphoneos;
				SWIFT_ACTIVE_COMPILATION_CONDITIONS = DEBUG;
				SWIFT_OPTIMIZATION_LEVEL = "-Onone";
			};
			name = Debug;
		};
		5E631A58263A3B0A0079855D /* Release */ = {
			isa = XCBuildConfiguration;
			buildSettings = {
				ALWAYS_SEARCH_USER_PATHS = NO;
				CLANG_ANALYZER_NONNULL = YES;
				CLANG_ANALYZER_NUMBER_OBJECT_CONVERSION = YES_AGGRESSIVE;
				CLANG_CXX_LANGUAGE_STANDARD = "gnu++0x";
				CLANG_CXX_LIBRARY = "libc++";
				CLANG_ENABLE_MODULES = YES;
				CLANG_ENABLE_OBJC_ARC = YES;
				CLANG_WARN_BOOL_CONVERSION = YES;
				CLANG_WARN_CONSTANT_CONVERSION = YES;
				CLANG_WARN_DIRECT_OBJC_ISA_USAGE = YES_ERROR;
				CLANG_WARN_DOCUMENTATION_COMMENTS = YES;
				CLANG_WARN_EMPTY_BODY = YES;
				CLANG_WARN_ENUM_CONVERSION = YES;
				CLANG_WARN_INFINITE_RECURSION = YES;
				CLANG_WARN_INT_CONVERSION = YES;
				CLANG_WARN_OBJC_ROOT_CLASS = YES_ERROR;
				CLANG_WARN_SUSPICIOUS_MOVE = YES;
				CLANG_WARN_UNREACHABLE_CODE = YES;
				CLANG_WARN__DUPLICATE_METHOD_MATCH = YES;
				"CODE_SIGN_IDENTITY[sdk=iphoneos*]" = "iPhone Developer";
				COPY_PHASE_STRIP = NO;
				DEBUG_INFORMATION_FORMAT = "dwarf-with-dsym";
				ENABLE_NS_ASSERTIONS = NO;
				ENABLE_STRICT_OBJC_MSGSEND = YES;
				GCC_C_LANGUAGE_STANDARD = gnu99;
				GCC_NO_COMMON_BLOCKS = YES;
				GCC_WARN_64_TO_32_BIT_CONVERSION = YES;
				GCC_WARN_ABOUT_RETURN_TYPE = YES_ERROR;
				GCC_WARN_UNDECLARED_SELECTOR = YES;
				GCC_WARN_UNINITIALIZED_AUTOS = YES_AGGRESSIVE;
				GCC_WARN_UNUSED_FUNCTION = YES;
				GCC_WARN_UNUSED_VARIABLE = YES;
				IPHONEOS_DEPLOYMENT_TARGET = 10.3;
				MTL_ENABLE_DEBUG_INFO = NO;
				SDKROOT = iphoneos;
				SWIFT_OPTIMIZATION_LEVEL = "-Owholemodule";
				VALIDATE_PRODUCT = YES;
			};
			name = Release;
		};
		5E631A5A263A3B0A0079855D /* Debug */ = {
			isa = XCBuildConfiguration;
			buildSettings = {
				ASSETCATALOG_COMPILER_APPICON_NAME = AppIcon;
				INFOPLIST_FILE = BookStore28042021/Info.plist;
				LD_RUNPATH_SEARCH_PATHS = "$(inherited) @executable_path/Frameworks";
				PRODUCT_BUNDLE_IDENTIFIER = com.alexis.BookStore25052022;
				PRODUCT_NAME = "$(TARGET_NAME)";
				SWIFT_VERSION = 3.0;
			};
			name = Debug;
		};
		5E631A5B263A3B0A0079855D /* Release */ = {
			isa = XCBuildConfiguration;
			buildSettings = {
				ASSETCATALOG_COMPILER_APPICON_NAME = AppIcon;
				INFOPLIST_FILE = BookStore28042021/Info.plist;
				LD_RUNPATH_SEARCH_PATHS = "$(inherited) @executable_path/Frameworks";
				PRODUCT_BUNDLE_IDENTIFIER = com.alexis.BookStore25052022;
				PRODUCT_NAME = "$(TARGET_NAME)";
				SWIFT_VERSION = 3.0;
			};
			name = Release;
		};
/* End XCBuildConfiguration section */

/* Begin XCConfigurationList section */
		5E631A3F263A3B090079855D /* Build configuration list for PBXProject "BookStore29052022" */ = {
			isa = XCConfigurationList;
			buildConfigurations = (
				5E631A57263A3B0A0079855D /* Debug */,
				5E631A58263A3B0A0079855D /* Release */,
			);
			defaultConfigurationIsVisible = 0;
			defaultConfigurationName = Release;
		};
		5E631A59263A3B0A0079855D /* Build configuration list for PBXNativeTarget "BookStore28042021" */ = {
			isa = XCConfigurationList;
			buildConfigurations = (
				5E631A5A263A3B0A0079855D /* Debug */,
				5E631A5B263A3B0A0079855D /* Release */,
			);
			defaultConfigurationIsVisible = 0;
			defaultConfigurationName = Release;
		};
/* End XCConfigurationList section */

/* Begin XCVersionGroup section */
		5E631A4E263A3B0A0079855D /* BookStore28042021.xcdatamodeld */ = {
			isa = XCVersionGroup;
			children = (
				5E631A4F263A3B0A0079855D /* BookStore28042021.xcdatamodel */,
			);
			currentVersion = 5E631A4F263A3B0A0079855D /* BookStore28042021.xcdatamodel */;
			path = BookStore28042021.xcdatamodeld;
			sourceTree = "<group>";
			versionGroupType = wrapper.xcdatamodel;
		};
/* End XCVersionGroup section */
	};
	rootObject = 5E631A3C263A3B090079855D /* Project object */;
}
